
Microsoft Visual Studio Solution File, Format Version 12.00
# Visual Studio Version 17
VisualStudioVersion = 17.10.35122.118
MinimumVisualStudioVersion = 10.0.40219.1
Project("{9A19103F-16F7-4668-BE54-9A1E7A4F7556}") = "EnglishPremierLeague2024", "EnglishPremierLeague2024\EnglishPremierLeague2024.csproj", "{724C3D04-4225-4E8B-A9CF-F6D2B9BAB95D}"
EndProject
Project("{9A19103F-16F7-4668-BE54-9A1E7A4F7556}") = "EnglishPremierLeague2024.DAL", "EnglishPremierLeague2024.DAL\EnglishPremierLeague2024.DAL.csproj", "{D4C5FEE1-660C-4C9C-A12A-0E1BE6B103E2}"
EndProject
Project("{9A19103F-16F7-4668-BE54-9A1E7A4F7556}") = "EnglishPremierLeague2024.BLL", "EnglishPremierLeague2024.BLL\EnglishPremierLeague2024.BLL.csproj", "{CF8712CA-28B3-4134-87C3-691D3AAE03F0}"
EndProject
Global
	GlobalSection(SolutionConfigurationPlatforms) = preSolution
		Debug|Any CPU = Debug|Any CPU
		Release|Any CPU = Release|Any CPU
	EndGlobalSection
	GlobalSection(ProjectConfigurationPlatforms) = postSolution
		{724C3D04-4225-4E8B-A9CF-F6D2B9BAB95D}.Debug|Any CPU.ActiveCfg = Debug|Any CPU
		{724C3D04-4225-4E8B-A9CF-F6D2B9BAB95D}.Debug|Any CPU.Build.0 = Debug|Any CPU
		{724C3D04-4225-4E8B-A9CF-F6D2B9BAB95D}.Release|Any CPU.ActiveCfg = Release|Any CPU
		{724C3D04-4225-4E8B-A9CF-F6D2B9BAB95D}.Release|Any CPU.Build.0 = Release|Any CPU
		{D4C5FEE1-660C-4C9C-A12A-0E1BE6B103E2}.Debug|Any CPU.ActiveCfg = Debug|Any CPU
		{D4C5FEE1-660C-4C9C-A12A-0E1BE6B103E2}.Debug|Any CPU.Build.0 = Debug|Any CPU
		{D4C5FEE1-660C-4C9C-A12A-0E1BE6B103E2}.Release|Any CPU.ActiveCfg = Release|Any CPU
		{D4C5FEE1-660C-4C9C-A12A-0E1BE6B103E2}.Release|Any CPU.Build.0 = Release|Any CPU
		{CF8712CA-28B3-4134-87C3-691D3AAE03F0}.Debug|Any CPU.ActiveCfg = Debug|Any CPU
		{CF8712CA-28B3-4134-87C3-691D3AAE03F0}.Debug|Any CPU.Build.0 = Debug|Any CPU
		{CF8712CA-28B3-4134-87C3-691D3AAE03F0}.Release|Any CPU.ActiveCfg = Release|Any CPU
		{CF8712CA-28B3-4134-87C3-691D3AAE03F0}.Release|Any CPU.Build.0 = Release|Any CPU
	EndGlobalSection
	GlobalSection(SolutionProperties) = preSolution
		HideSolutionNode = FALSE
	EndGlobalSection
	GlobalSection(ExtensibilityGlobals) = postSolution
		SolutionGuid = {85DE7D8A-152C-46CA-B875-D7F3BC7B552F}
	EndGlobalSection
EndGlobal
